
Microsoft Visual Studio Solution File, Format Version 12.00
# Visual Studio 15
VisualStudioVersion = 15.0.27617.1
MinimumVisualStudioVersion = 10.0.40219.1
Project("{9A19103F-16F7-4668-BE54-9A1E7A4F7556}") = "ArqueBus", "src\ArqueBus\ArqueBus.csproj", "{0C4E72E5-CB61-4C0F-80EE-DD9849CD3BAF}"
EndProject
Project("{9A19103F-16F7-4668-BE54-9A1E7A4F7556}") = "ArqueBus.Tests", "tests\ArqueBus.Tests\ArqueBus.Tests.csproj", "{ECDC4AC8-3CDC-4381-886B-F338977CFE02}"
	ProjectSection(ProjectDependencies) = postProject
		{0C4E72E5-CB61-4C0F-80EE-DD9849CD3BAF} = {0C4E72E5-CB61-4C0F-80EE-DD9849CD3BAF}
	EndProjectSection
EndProject
Global
	GlobalSection(SolutionConfigurationPlatforms) = preSolution
		Debug|Any CPU = Debug|Any CPU
		Release|Any CPU = Release|Any CPU
	EndGlobalSection
	GlobalSection(ProjectConfigurationPlatforms) = postSolution
		{0C4E72E5-CB61-4C0F-80EE-DD9849CD3BAF}.Debug|Any CPU.ActiveCfg = Debug|Any CPU
		{0C4E72E5-CB61-4C0F-80EE-DD9849CD3BAF}.Debug|Any CPU.Build.0 = Debug|Any CPU
		{0C4E72E5-CB61-4C0F-80EE-DD9849CD3BAF}.Release|Any CPU.ActiveCfg = Release|Any CPU
		{0C4E72E5-CB61-4C0F-80EE-DD9849CD3BAF}.Release|Any CPU.Build.0 = Release|Any CPU
		{ECDC4AC8-3CDC-4381-886B-F338977CFE02}.Debug|Any CPU.ActiveCfg = Debug|Any CPU
		{ECDC4AC8-3CDC-4381-886B-F338977CFE02}.Debug|Any CPU.Build.0 = Debug|Any CPU
		{ECDC4AC8-3CDC-4381-886B-F338977CFE02}.Release|Any CPU.ActiveCfg = Release|Any CPU
		{ECDC4AC8-3CDC-4381-886B-F338977CFE02}.Release|Any CPU.Build.0 = Release|Any CPU
	EndGlobalSection
	GlobalSection(SolutionProperties) = preSolution
		HideSolutionNode = FALSE
	EndGlobalSection
	GlobalSection(ExtensibilityGlobals) = postSolution
		SolutionGuid = {D17F58CB-B02C-45A2-9968-A97735592CE7}
	EndGlobalSection
EndGlobal
